
Microsoft Visual Studio Solution File, Format Version 12.00
# Visual Studio Version 16
VisualStudioVersion = 16.0.30413.136
MinimumVisualStudioVersion = 10.0.40219.1
Project("{9A19103F-16F7-4668-BE54-9A1E7A4F7556}") = "ECommerceWebsite", "ECommerceWebsite\ECommerceWebsite.csproj", "{C9D02A43-683C-4A3E-9C36-F31AAC927DB2}"
EndProject
Project("{9A19103F-16F7-4668-BE54-9A1E7A4F7556}") = "ECommerceDatabase", "ECommerceDatabase\ECommerceDatabase.csproj", "{3B9675D1-002A-466C-843E-BD6E696F0FFD}"
EndProject
Project("{9A19103F-16F7-4668-BE54-9A1E7A4F7556}") = "ECommerceService", "ECommerceService\ECommerceService.csproj", "{EB0EF51E-41A6-4100-B03A-B53190438EE4}"
EndProject
Project("{9A19103F-16F7-4668-BE54-9A1E7A4F7556}") = "ECommerceRepository", "ECommerceRepository\ECommerceRepository.csproj", "{0E7FDE8F-0FDE-4A26-A547-F9EE8DB72EB3}"
EndProject
Project("{2150E333-8FDC-42A3-9474-1A3956D46DE8}") = "Tests", "Tests", "{8A195E1E-9BC2-4C3C-82FC-E06BD472B1D1}"
EndProject
Project("{9A19103F-16F7-4668-BE54-9A1E7A4F7556}") = "TestsECommerceDatabase", "Tests\TestsECommerceDatabase\TestsECommerceDatabase.csproj", "{84111EB2-F45E-4EC6-AF5B-5548C34BEF7B}"
EndProject
Project("{9A19103F-16F7-4668-BE54-9A1E7A4F7556}") = "TestsECommerceRepository", "TestsECommerceRepository\TestsECommerceRepository.csproj", "{0E34626E-E04E-47FD-A5B9-678361CA92F3}"
EndProject
Project("{9A19103F-16F7-4668-BE54-9A1E7A4F7556}") = "TestsECommerceService", "TestsECommerceService\TestsECommerceService.csproj", "{02C240D0-EAEC-4B3C-BB1A-08633991C0E8}"
EndProject
Global
	GlobalSection(SolutionConfigurationPlatforms) = preSolution
		Debug|Any CPU = Debug|Any CPU
		Release|Any CPU = Release|Any CPU
	EndGlobalSection
	GlobalSection(ProjectConfigurationPlatforms) = postSolution
		{C9D02A43-683C-4A3E-9C36-F31AAC927DB2}.Debug|Any CPU.ActiveCfg = Debug|Any CPU
		{C9D02A43-683C-4A3E-9C36-F31AAC927DB2}.Debug|Any CPU.Build.0 = Debug|Any CPU
		{C9D02A43-683C-4A3E-9C36-F31AAC927DB2}.Release|Any CPU.ActiveCfg = Release|Any CPU
		{C9D02A43-683C-4A3E-9C36-F31AAC927DB2}.Release|Any CPU.Build.0 = Release|Any CPU
		{3B9675D1-002A-466C-843E-BD6E696F0FFD}.Debug|Any CPU.ActiveCfg = Debug|Any CPU
		{3B9675D1-002A-466C-843E-BD6E696F0FFD}.Debug|Any CPU.Build.0 = Debug|Any CPU
		{3B9675D1-002A-466C-843E-BD6E696F0FFD}.Release|Any CPU.ActiveCfg = Release|Any CPU
		{3B9675D1-002A-466C-843E-BD6E696F0FFD}.Release|Any CPU.Build.0 = Release|Any CPU
		{EB0EF51E-41A6-4100-B03A-B53190438EE4}.Debug|Any CPU.ActiveCfg = Debug|Any CPU
		{EB0EF51E-41A6-4100-B03A-B53190438EE4}.Debug|Any CPU.Build.0 = Debug|Any CPU
		{EB0EF51E-41A6-4100-B03A-B53190438EE4}.Release|Any CPU.ActiveCfg = Release|Any CPU
		{EB0EF51E-41A6-4100-B03A-B53190438EE4}.Release|Any CPU.Build.0 = Release|Any CPU
		{0E7FDE8F-0FDE-4A26-A547-F9EE8DB72EB3}.Debug|Any CPU.ActiveCfg = Debug|Any CPU
		{0E7FDE8F-0FDE-4A26-A547-F9EE8DB72EB3}.Debug|Any CPU.Build.0 = Debug|Any CPU
		{0E7FDE8F-0FDE-4A26-A547-F9EE8DB72EB3}.Release|Any CPU.ActiveCfg = Release|Any CPU
		{0E7FDE8F-0FDE-4A26-A547-F9EE8DB72EB3}.Release|Any CPU.Build.0 = Release|Any CPU
		{84111EB2-F45E-4EC6-AF5B-5548C34BEF7B}.Debug|Any CPU.ActiveCfg = Debug|Any CPU
		{84111EB2-F45E-4EC6-AF5B-5548C34BEF7B}.Debug|Any CPU.Build.0 = Debug|Any CPU
		{84111EB2-F45E-4EC6-AF5B-5548C34BEF7B}.Release|Any CPU.ActiveCfg = Release|Any CPU
		{84111EB2-F45E-4EC6-AF5B-5548C34BEF7B}.Release|Any CPU.Build.0 = Release|Any CPU
		{0E34626E-E04E-47FD-A5B9-678361CA92F3}.Debug|Any CPU.ActiveCfg = Debug|Any CPU
		{0E34626E-E04E-47FD-A5B9-678361CA92F3}.Debug|Any CPU.Build.0 = Debug|Any CPU
		{0E34626E-E04E-47FD-A5B9-678361CA92F3}.Release|Any CPU.ActiveCfg = Release|Any CPU
		{0E34626E-E04E-47FD-A5B9-678361CA92F3}.Release|Any CPU.Build.0 = Release|Any CPU
		{02C240D0-EAEC-4B3C-BB1A-08633991C0E8}.Debug|Any CPU.ActiveCfg = Debug|Any CPU
		{02C240D0-EAEC-4B3C-BB1A-08633991C0E8}.Debug|Any CPU.Build.0 = Debug|Any CPU
		{02C240D0-EAEC-4B3C-BB1A-08633991C0E8}.Release|Any CPU.ActiveCfg = Release|Any CPU
		{02C240D0-EAEC-4B3C-BB1A-08633991C0E8}.Release|Any CPU.Build.0 = Release|Any CPU
	EndGlobalSection
	GlobalSection(SolutionProperties) = preSolution
		HideSolutionNode = FALSE
	EndGlobalSection
	GlobalSection(NestedProjects) = preSolution
		{84111EB2-F45E-4EC6-AF5B-5548C34BEF7B} = {8A195E1E-9BC2-4C3C-82FC-E06BD472B1D1}
		{0E34626E-E04E-47FD-A5B9-678361CA92F3} = {8A195E1E-9BC2-4C3C-82FC-E06BD472B1D1}
		{02C240D0-EAEC-4B3C-BB1A-08633991C0E8} = {8A195E1E-9BC2-4C3C-82FC-E06BD472B1D1}
	EndGlobalSection
	GlobalSection(ExtensibilityGlobals) = postSolution
		SolutionGuid = {DAE53435-1C77-4555-B2A5-7C205F36DC5A}
	EndGlobalSection
EndGlobal
